{
  "nodes": {
    "nixpkgs": {
      "locked": {
        "lastModified": 1791444047,
        "narHash": "sha256-vXwAPfmfTrn9jPVoFGlaL1NzbFDPniHqf9BuV8M5KWA=",
        "owner": "nixos",
        "repo": "nixpkgs",
        "rev": "bc3b6c3b6a6994389a1746da5af437ab0c0b937a",
        "type": "github"
      },
      "original": {
        "owner": "nixos",
        "ref": "nixos-26.05-small",
        "repo": "nixpkgs",
        "type": "github"
      }
    },
    "root": {
      "inputs": {
        "nixpkgs": "nixpkgs"
      }
    }
  },
  "root": "root",
  "version": 7
}
