{
  "nodes": {
    "nixpkgs": {
      "locked": {
        "lastModified": 1790836688,
        "narHash": "sha256-3uBU5XWHMLorv20MrRbS1Un4HqQ6HrSS1SFcFqaJIM8=",
        "owner": "nixos",
        "repo": "nixpkgs",
        "rev": "bb1e269aaf4a84306917a2d157e89e11c6f16797",
        "type": "github"
      },
      "original": {
        "owner": "nixos",
        "ref": "nixos-26.05-small",
        "repo": "nixpkgs",
        "type": "github"
      }
    },
    "root": {
      "inputs": {
        "nixpkgs": "nixpkgs"
      }
    }
  },
  "root": "root",
  "version": 7
}
