{
  "nodes": {
    "nixpkgs": {
      "locked": {
        "lastModified": 1788282497,
        "narHash": "sha256-sc6Q0iGSi2WW0o9urppOcs81zl8nBpHudmtj2T++/IM=",
        "owner": "nixos",
        "repo": "nixpkgs",
        "rev": "aeac82e554a8835bbaea5fb44db0bcc9e78d4761",
        "type": "github"
      },
      "original": {
        "owner": "nixos",
        "ref": "nixos-26.05-small",
        "repo": "nixpkgs",
        "type": "github"
      }
    },
    "root": {
      "inputs": {
        "nixpkgs": "nixpkgs"
      }
    }
  },
  "root": "root",
  "version": 7
}
